
Microsoft Visual Studio Solution File, Format Version 12.00
# Visual Studio Version 17
VisualStudioVersion = 17.3.32825.248
MinimumVisualStudioVersion = 10.0.40219.1
Project("{FAE04EC0-301F-11D3-BF4B-00C04F79EFBC}") = "Model", "Model\Model.csproj", "{570E6937-577E-4A1B-902B-E3D27A8BAE6A}"
EndProject
Project("{FAE04EC0-301F-11D3-BF4B-00C04F79EFBC}") = "ConsoleApp", "ConsoleApp\ConsoleApp.csproj", "{D23A5F9D-A22F-40B5-A136-94CE87AA48B4}"
EndProject
Global
	GlobalSection(SolutionConfigurationPlatforms) = preSolution
		Debug|Any CPU = Debug|Any CPU
		Release|Any CPU = Release|Any CPU
	EndGlobalSection
	GlobalSection(ProjectConfigurationPlatforms) = postSolution
		{570E6937-577E-4A1B-902B-E3D27A8BAE6A}.Debug|Any CPU.ActiveCfg = Debug|Any CPU
		{570E6937-577E-4A1B-902B-E3D27A8BAE6A}.Debug|Any CPU.Build.0 = Debug|Any CPU
		{570E6937-577E-4A1B-902B-E3D27A8BAE6A}.Release|Any CPU.ActiveCfg = Release|Any CPU
		{570E6937-577E-4A1B-902B-E3D27A8BAE6A}.Release|Any CPU.Build.0 = Release|Any CPU
		{D23A5F9D-A22F-40B5-A136-94CE87AA48B4}.Debug|Any CPU.ActiveCfg = Debug|Any CPU
		{D23A5F9D-A22F-40B5-A136-94CE87AA48B4}.Debug|Any CPU.Build.0 = Debug|Any CPU
		{D23A5F9D-A22F-40B5-A136-94CE87AA48B4}.Release|Any CPU.ActiveCfg = Release|Any CPU
		{D23A5F9D-A22F-40B5-A136-94CE87AA48B4}.Release|Any CPU.Build.0 = Release|Any CPU
	EndGlobalSection
	GlobalSection(SolutionProperties) = preSolution
		HideSolutionNode = FALSE
	EndGlobalSection
	GlobalSection(ExtensibilityGlobals) = postSolution
		SolutionGuid = {691CB3DA-8AF4-42FF-A4C1-BC2925B03A9B}
	EndGlobalSection
EndGlobal
